
Microsoft Visual Studio Solution File, Format Version 12.00
# Visual Studio 15
VisualStudioVersion = 15.0.27703.2042
MinimumVisualStudioVersion = 10.0.40219.1
Project("{FAE04EC0-301F-11D3-BF4B-00C04F79EFBC}") = "TranslateAPI.Test", "TranslateAPI\TranslateAPI.Test.csproj", "{9B2B4C0F-41C3-4155-8CB8-6BCDC3EADBE9}"
EndProject
Project("{FAE04EC0-301F-11D3-BF4B-00C04F79EFBC}") = "Translation.Abstract", "Translation.Abstract\Translation.Abstract.csproj", "{6E1A54AD-C14D-4AB9-8846-9311EB9F329C}"
EndProject
Project("{FAE04EC0-301F-11D3-BF4B-00C04F79EFBC}") = "TranslationAPI.Baidu", "BaiduTranslationAPI\TranslationAPI.Baidu.csproj", "{C00AF5CF-88D5-4F52-9EDA-571A54FE1513}"
EndProject
Global
	GlobalSection(SolutionConfigurationPlatforms) = preSolution
		Debug|Any CPU = Debug|Any CPU
		Release|Any CPU = Release|Any CPU
	EndGlobalSection
	GlobalSection(ProjectConfigurationPlatforms) = postSolution
		{9B2B4C0F-41C3-4155-8CB8-6BCDC3EADBE9}.Debug|Any CPU.ActiveCfg = Debug|Any CPU
		{9B2B4C0F-41C3-4155-8CB8-6BCDC3EADBE9}.Debug|Any CPU.Build.0 = Debug|Any CPU
		{9B2B4C0F-41C3-4155-8CB8-6BCDC3EADBE9}.Release|Any CPU.ActiveCfg = Release|Any CPU
		{9B2B4C0F-41C3-4155-8CB8-6BCDC3EADBE9}.Release|Any CPU.Build.0 = Release|Any CPU
		{6E1A54AD-C14D-4AB9-8846-9311EB9F329C}.Debug|Any CPU.ActiveCfg = Debug|Any CPU
		{6E1A54AD-C14D-4AB9-8846-9311EB9F329C}.Debug|Any CPU.Build.0 = Debug|Any CPU
		{6E1A54AD-C14D-4AB9-8846-9311EB9F329C}.Release|Any CPU.ActiveCfg = Release|Any CPU
		{6E1A54AD-C14D-4AB9-8846-9311EB9F329C}.Release|Any CPU.Build.0 = Release|Any CPU
		{C00AF5CF-88D5-4F52-9EDA-571A54FE1513}.Debug|Any CPU.ActiveCfg = Debug|Any CPU
		{C00AF5CF-88D5-4F52-9EDA-571A54FE1513}.Debug|Any CPU.Build.0 = Debug|Any CPU
		{C00AF5CF-88D5-4F52-9EDA-571A54FE1513}.Release|Any CPU.ActiveCfg = Release|Any CPU
		{C00AF5CF-88D5-4F52-9EDA-571A54FE1513}.Release|Any CPU.Build.0 = Release|Any CPU
	EndGlobalSection
	GlobalSection(SolutionProperties) = preSolution
		HideSolutionNode = FALSE
	EndGlobalSection
	GlobalSection(ExtensibilityGlobals) = postSolution
		SolutionGuid = {57288C38-FA28-471E-9A04-2B8D7C4AD022}
	EndGlobalSection
EndGlobal
